
Microsoft Visual Studio Solution File, Format Version 12.00
# Visual Studio Version 17
VisualStudioVersion = 17.7.34221.43
MinimumVisualStudioVersion = 10.0.40219.1
Project("{9A19103F-16F7-4668-BE54-9A1E7A4F7556}") = "OnlineShopWebApp", "OnlineShopWebApp\OnlineShopWebApp.csproj", "{53C98428-C0A8-4E33-AAD2-72AC43EB92FF}"
EndProject
Project("{9A19103F-16F7-4668-BE54-9A1E7A4F7556}") = "OnlineShop.Db", "OnlineShop.Db\OnlineShop.Db.csproj", "{ECC44BF5-C9B4-4C9D-8D3A-0902946DCADD}"
EndProject
Global
	GlobalSection(SolutionConfigurationPlatforms) = preSolution
		Debug|Any CPU = Debug|Any CPU
		Release|Any CPU = Release|Any CPU
	EndGlobalSection
	GlobalSection(ProjectConfigurationPlatforms) = postSolution
		{53C98428-C0A8-4E33-AAD2-72AC43EB92FF}.Debug|Any CPU.ActiveCfg = Debug|Any CPU
		{53C98428-C0A8-4E33-AAD2-72AC43EB92FF}.Debug|Any CPU.Build.0 = Debug|Any CPU
		{53C98428-C0A8-4E33-AAD2-72AC43EB92FF}.Release|Any CPU.ActiveCfg = Release|Any CPU
		{53C98428-C0A8-4E33-AAD2-72AC43EB92FF}.Release|Any CPU.Build.0 = Release|Any CPU
		{ECC44BF5-C9B4-4C9D-8D3A-0902946DCADD}.Debug|Any CPU.ActiveCfg = Debug|Any CPU
		{ECC44BF5-C9B4-4C9D-8D3A-0902946DCADD}.Debug|Any CPU.Build.0 = Debug|Any CPU
		{ECC44BF5-C9B4-4C9D-8D3A-0902946DCADD}.Release|Any CPU.ActiveCfg = Release|Any CPU
		{ECC44BF5-C9B4-4C9D-8D3A-0902946DCADD}.Release|Any CPU.Build.0 = Release|Any CPU
	EndGlobalSection
	GlobalSection(SolutionProperties) = preSolution
		HideSolutionNode = FALSE
	EndGlobalSection
	GlobalSection(ExtensibilityGlobals) = postSolution
		SolutionGuid = {682BE780-D468-40B0-95A6-8B53B86BAACA}
	EndGlobalSection
EndGlobal
